
Microsoft Visual Studio Solution File, Format Version 12.00
# Visual Studio Version 16
VisualStudioVersion = 16.0.30413.136
MinimumVisualStudioVersion = 10.0.40219.1
Project("{FAE04EC0-301F-11D3-BF4B-00C04F79EFBC}") = "TicTacToe.UWP", "TicTacToe\TicTacToe.UWP\TicTacToe.UWP.csproj", "{706E3E38-AC5D-4611-8C24-ABEBAA04DF63}"
EndProject
Project("{FAE04EC0-301F-11D3-BF4B-00C04F79EFBC}") = "TicTacToe.Android", "TicTacToe\TicTacToe.Android\TicTacToe.Android.csproj", "{9F16FA72-E070-4877-AF07-488A7300A1DB}"
EndProject
Project("{FAE04EC0-301F-11D3-BF4B-00C04F79EFBC}") = "TicTacToe.iOS", "TicTacToe\TicTacToe.iOS\TicTacToe.iOS.csproj", "{A8F1B3F7-0E3D-46BC-ABA5-5F8951E63680}"
EndProject
Project("{FAE04EC0-301F-11D3-BF4B-00C04F79EFBC}") = "TicTacToe", "TicTacToe\TicTacToe\TicTacToe.csproj", "{0BC22206-C084-480E-AB81-2CEB88F543C8}"
EndProject
Global
	GlobalSection(SolutionConfigurationPlatforms) = preSolution
		Debug|Any CPU = Debug|Any CPU
		Debug|ARM = Debug|ARM
		Debug|iPhone = Debug|iPhone
		Debug|iPhoneSimulator = Debug|iPhoneSimulator
		Debug|x64 = Debug|x64
		Debug|x86 = Debug|x86
		Release|Any CPU = Release|Any CPU
		Release|ARM = Release|ARM
		Release|iPhone = Release|iPhone
		Release|iPhoneSimulator = Release|iPhoneSimulator
		Release|x64 = Release|x64
		Release|x86 = Release|x86
	EndGlobalSection
	GlobalSection(ProjectConfigurationPlatforms) = postSolution
		{706E3E38-AC5D-4611-8C24-ABEBAA04DF63}.Debug|Any CPU.ActiveCfg = Debug|x86
		{706E3E38-AC5D-4611-8C24-ABEBAA04DF63}.Debug|Any CPU.Build.0 = Debug|x86
		{706E3E38-AC5D-4611-8C24-ABEBAA04DF63}.Debug|Any CPU.Deploy.0 = Debug|x86
		{706E3E38-AC5D-4611-8C24-ABEBAA04DF63}.Debug|ARM.ActiveCfg = Debug|ARM
		{706E3E38-AC5D-4611-8C24-ABEBAA04DF63}.Debug|ARM.Build.0 = Debug|ARM
		{706E3E38-AC5D-4611-8C24-ABEBAA04DF63}.Debug|ARM.Deploy.0 = Debug|ARM
		{706E3E38-AC5D-4611-8C24-ABEBAA04DF63}.Debug|iPhone.ActiveCfg = Debug|x86
		{706E3E38-AC5D-4611-8C24-ABEBAA04DF63}.Debug|iPhone.Build.0 = Debug|x86
		{706E3E38-AC5D-4611-8C24-ABEBAA04DF63}.Debug|iPhone.Deploy.0 = Debug|x86
		{706E3E38-AC5D-4611-8C24-ABEBAA04DF63}.Debug|iPhoneSimulator.ActiveCfg = Debug|x86
		{706E3E38-AC5D-4611-8C24-ABEBAA04DF63}.Debug|iPhoneSimulator.Build.0 = Debug|x86
		{706E3E38-AC5D-4611-8C24-ABEBAA04DF63}.Debug|iPhoneSimulator.Deploy.0 = Debug|x86
		{706E3E38-AC5D-4611-8C24-ABEBAA04DF63}.Debug|x64.ActiveCfg = Debug|x64
		{706E3E38-AC5D-4611-8C24-ABEBAA04DF63}.Debug|x64.Build.0 = Debug|x64
		{706E3E38-AC5D-4611-8C24-ABEBAA04DF63}.Debug|x64.Deploy.0 = Debug|x64
		{706E3E38-AC5D-4611-8C24-ABEBAA04DF63}.Debug|x86.ActiveCfg = Debug|x86
		{706E3E38-AC5D-4611-8C24-ABEBAA04DF63}.Debug|x86.Build.0 = Debug|x86
		{706E3E38-AC5D-4611-8C24-ABEBAA04DF63}.Debug|x86.Deploy.0 = Debug|x86
		{706E3E38-AC5D-4611-8C24-ABEBAA04DF63}.Release|Any CPU.ActiveCfg = Release|x86
		{706E3E38-AC5D-4611-8C24-ABEBAA04DF63}.Release|Any CPU.Build.0 = Release|x86
		{706E3E38-AC5D-4611-8C24-ABEBAA04DF63}.Release|Any CPU.Deploy.0 = Release|x86
		{706E3E38-AC5D-4611-8C24-ABEBAA04DF63}.Release|ARM.ActiveCfg = Release|ARM
		{706E3E38-AC5D-4611-8C24-ABEBAA04DF63}.Release|ARM.Build.0 = Release|ARM
		{706E3E38-AC5D-4611-8C24-ABEBAA04DF63}.Release|ARM.Deploy.0 = Release|ARM
		{706E3E38-AC5D-4611-8C24-ABEBAA04DF63}.Release|iPhone.ActiveCfg = Release|x86
		{706E3E38-AC5D-4611-8C24-ABEBAA04DF63}.Release|iPhone.Build.0 = Release|x86
		{706E3E38-AC5D-4611-8C24-ABEBAA04DF63}.Release|iPhone.Deploy.0 = Release|x86
		{706E3E38-AC5D-4611-8C24-ABEBAA04DF63}.Release|iPhoneSimulator.ActiveCfg = Release|x86
		{706E3E38-AC5D-4611-8C24-ABEBAA04DF63}.Release|iPhoneSimulator.Build.0 = Release|x86
		{706E3E38-AC5D-4611-8C24-ABEBAA04DF63}.Release|iPhoneSimulator.Deploy.0 = Release|x86
		{706E3E38-AC5D-4611-8C24-ABEBAA04DF63}.Release|x64.ActiveCfg = Release|x64
		{706E3E38-AC5D-4611-8C24-ABEBAA04DF63}.Release|x64.Build.0 = Release|x64
		{706E3E38-AC5D-4611-8C24-ABEBAA04DF63}.Release|x64.Deploy.0 = Release|x64
		{706E3E38-AC5D-4611-8C24-ABEBAA04DF63}.Release|x86.ActiveCfg = Release|x86
		{706E3E38-AC5D-4611-8C24-ABEBAA04DF63}.Release|x86.Build.0 = Release|x86
		{706E3E38-AC5D-4611-8C24-ABEBAA04DF63}.Release|x86.Deploy.0 = Release|x86
		{9F16FA72-E070-4877-AF07-488A7300A1DB}.Debug|Any CPU.ActiveCfg = Debug|Any CPU
		{9F16FA72-E070-4877-AF07-488A7300A1DB}.Debug|Any CPU.Build.0 = Debug|Any CPU
		{9F16FA72-E070-4877-AF07-488A7300A1DB}.Debug|Any CPU.Deploy.0 = Debug|Any CPU
		{9F16FA72-E070-4877-AF07-488A7300A1DB}.Debug|ARM.ActiveCfg = Debug|Any CPU
		{9F16FA72-E070-4877-AF07-488A7300A1DB}.Debug|ARM.Build.0 = Debug|Any CPU
		{9F16FA72-E070-4877-AF07-488A7300A1DB}.Debug|ARM.Deploy.0 = Debug|Any CPU
		{9F16FA72-E070-4877-AF07-488A7300A1DB}.Debug|iPhone.ActiveCfg = Debug|Any CPU
		{9F16FA72-E070-4877-AF07-488A7300A1DB}.Debug|iPhone.Build.0 = Debug|Any CPU
		{9F16FA72-E070-4877-AF07-488A7300A1DB}.Debug|iPhone.Deploy.0 = Debug|Any CPU
		{9F16FA72-E070-4877-AF07-488A7300A1DB}.Debug|iPhoneSimulator.ActiveCfg = Debug|Any CPU
		{9F16FA72-E070-4877-AF07-488A7300A1DB}.Debug|iPhoneSimulator.Build.0 = Debug|Any CPU
		{9F16FA72-E070-4877-AF07-488A7300A1DB}.Debug|iPhoneSimulator.Deploy.0 = Debug|Any CPU
		{9F16FA72-E070-4877-AF07-488A7300A1DB}.Debug|x64.ActiveCfg = Debug|Any CPU
		{9F16FA72-E070-4877-AF07-488A7300A1DB}.Debug|x64.Build.0 = Debug|Any CPU
		{9F16FA72-E070-4877-AF07-488A7300A1DB}.Debug|x64.Deploy.0 = Debug|Any CPU
		{9F16FA72-E070-4877-AF07-488A7300A1DB}.Debug|x86.ActiveCfg = Debug|Any CPU
		{9F16FA72-E070-4877-AF07-488A7300A1DB}.Debug|x86.Build.0 = Debug|Any CPU
		{9F16FA72-E070-4877-AF07-488A7300A1DB}.Debug|x86.Deploy.0 = Debug|Any CPU
		{9F16FA72-E070-4877-AF07-488A7300A1DB}.Release|Any CPU.ActiveCfg = Release|Any CPU
		{9F16FA72-E070-4877-AF07-488A7300A1DB}.Release|Any CPU.Build.0 = Release|Any CPU
		{9F16FA72-E070-4877-AF07-488A7300A1DB}.Release|Any CPU.Deploy.0 = Release|Any CPU
		{9F16FA72-E070-4877-AF07-488A7300A1DB}.Release|ARM.ActiveCfg = Release|Any CPU
		{9F16FA72-E070-4877-AF07-488A7300A1DB}.Release|ARM.Build.0 = Release|Any CPU
		{9F16FA72-E070-4877-AF07-488A7300A1DB}.Release|ARM.Deploy.0 = Release|Any CPU
		{9F16FA72-E070-4877-AF07-488A7300A1DB}.Release|iPhone.ActiveCfg = Release|Any CPU
		{9F16FA72-E070-4877-AF07-488A7300A1DB}.Release|iPhone.Build.0 = Release|Any CPU
		{9F16FA72-E070-4877-AF07-488A7300A1DB}.Release|iPhone.Deploy.0 = Release|Any CPU
		{9F16FA72-E070-4877-AF07-488A7300A1DB}.Release|iPhoneSimulator.ActiveCfg = Release|Any CPU
		{9F16FA72-E070-4877-AF07-488A7300A1DB}.Release|iPhoneSimulator.Build.0 = Release|Any CPU
		{9F16FA72-E070-4877-AF07-488A7300A1DB}.Release|iPhoneSimulator.Deploy.0 = Release|Any CPU
		{9F16FA72-E070-4877-AF07-488A7300A1DB}.Release|x64.ActiveCfg = Release|Any CPU
		{9F16FA72-E070-4877-AF07-488A7300A1DB}.Release|x64.Build.0 = Release|Any CPU
		{9F16FA72-E070-4877-AF07-488A7300A1DB}.Release|x64.Deploy.0 = Release|Any CPU
		{9F16FA72-E070-4877-AF07-488A7300A1DB}.Release|x86.ActiveCfg = Release|Any CPU
		{9F16FA72-E070-4877-AF07-488A7300A1DB}.Release|x86.Build.0 = Release|Any CPU
		{9F16FA72-E070-4877-AF07-488A7300A1DB}.Release|x86.Deploy.0 = Release|Any CPU
		{A8F1B3F7-0E3D-46BC-ABA5-5F8951E63680}.Debug|Any CPU.ActiveCfg = Debug|iPhone
		{A8F1B3F7-0E3D-46BC-ABA5-5F8951E63680}.Debug|Any CPU.Build.0 = Debug|iPhone
		{A8F1B3F7-0E3D-46BC-ABA5-5F8951E63680}.Debug|Any CPU.Deploy.0 = Debug|iPhone
		{A8F1B3F7-0E3D-46BC-ABA5-5F8951E63680}.Debug|ARM.ActiveCfg = Debug|iPhone
		{A8F1B3F7-0E3D-46BC-ABA5-5F8951E63680}.Debug|ARM.Build.0 = Debug|iPhone
		{A8F1B3F7-0E3D-46BC-ABA5-5F8951E63680}.Debug|ARM.Deploy.0 = Debug|iPhone
		{A8F1B3F7-0E3D-46BC-ABA5-5F8951E63680}.Debug|iPhone.ActiveCfg = Debug|iPhone
		{A8F1B3F7-0E3D-46BC-ABA5-5F8951E63680}.Debug|iPhone.Build.0 = Debug|iPhone
		{A8F1B3F7-0E3D-46BC-ABA5-5F8951E63680}.Debug|iPhone.Deploy.0 = Debug|iPhone
		{A8F1B3F7-0E3D-46BC-ABA5-5F8951E63680}.Debug|iPhoneSimulator.ActiveCfg = Debug|iPhoneSimulator
		{A8F1B3F7-0E3D-46BC-ABA5-5F8951E63680}.Debug|iPhoneSimulator.Build.0 = Debug|iPhoneSimulator
		{A8F1B3F7-0E3D-46BC-ABA5-5F8951E63680}.Debug|iPhoneSimulator.Deploy.0 = Debug|iPhoneSimulator
		{A8F1B3F7-0E3D-46BC-ABA5-5F8951E63680}.Debug|x64.ActiveCfg = Debug|iPhone
		{A8F1B3F7-0E3D-46BC-ABA5-5F8951E63680}.Debug|x64.Build.0 = Debug|iPhone
		{A8F1B3F7-0E3D-46BC-ABA5-5F8951E63680}.Debug|x64.Deploy.0 = Debug|iPhone
		{A8F1B3F7-0E3D-46BC-ABA5-5F8951E63680}.Debug|x86.ActiveCfg = Debug|iPhone
		{A8F1B3F7-0E3D-46BC-ABA5-5F8951E63680}.Debug|x86.Build.0 = Debug|iPhone
		{A8F1B3F7-0E3D-46BC-ABA5-5F8951E63680}.Debug|x86.Deploy.0 = Debug|iPhone
		{A8F1B3F7-0E3D-46BC-ABA5-5F8951E63680}.Release|Any CPU.ActiveCfg = Release|iPhone
		{A8F1B3F7-0E3D-46BC-ABA5-5F8951E63680}.Release|Any CPU.Build.0 = Release|iPhone
		{A8F1B3F7-0E3D-46BC-ABA5-5F8951E63680}.Release|Any CPU.Deploy.0 = Release|iPhone
		{A8F1B3F7-0E3D-46BC-ABA5-5F8951E63680}.Release|ARM.ActiveCfg = Release|iPhone
		{A8F1B3F7-0E3D-46BC-ABA5-5F8951E63680}.Release|ARM.Build.0 = Release|iPhone
		{A8F1B3F7-0E3D-46BC-ABA5-5F8951E63680}.Release|ARM.Deploy.0 = Release|iPhone
		{A8F1B3F7-0E3D-46BC-ABA5-5F8951E63680}.Release|iPhone.ActiveCfg = Release|iPhone
		{A8F1B3F7-0E3D-46BC-ABA5-5F8951E63680}.Release|iPhone.Build.0 = Release|iPhone
		{A8F1B3F7-0E3D-46BC-ABA5-5F8951E63680}.Release|iPhone.Deploy.0 = Release|iPhone
		{A8F1B3F7-0E3D-46BC-ABA5-5F8951E63680}.Release|iPhoneSimulator.ActiveCfg = Release|iPhoneSimulator
		{A8F1B3F7-0E3D-46BC-ABA5-5F8951E63680}.Release|iPhoneSimulator.Build.0 = Release|iPhoneSimulator
		{A8F1B3F7-0E3D-46BC-ABA5-5F8951E63680}.Release|iPhoneSimulator.Deploy.0 = Release|iPhoneSimulator
		{A8F1B3F7-0E3D-46BC-ABA5-5F8951E63680}.Release|x64.ActiveCfg = Release|iPhone
		{A8F1B3F7-0E3D-46BC-ABA5-5F8951E63680}.Release|x64.Build.0 = Release|iPhone
		{A8F1B3F7-0E3D-46BC-ABA5-5F8951E63680}.Release|x64.Deploy.0 = Release|iPhone
		{A8F1B3F7-0E3D-46BC-ABA5-5F8951E63680}.Release|x86.ActiveCfg = Release|iPhone
		{A8F1B3F7-0E3D-46BC-ABA5-5F8951E63680}.Release|x86.Build.0 = Release|iPhone
		{A8F1B3F7-0E3D-46BC-ABA5-5F8951E63680}.Release|x86.Deploy.0 = Release|iPhone
		{0BC22206-C084-480E-AB81-2CEB88F543C8}.Debug|Any CPU.ActiveCfg = Debug|Any CPU
		{0BC22206-C084-480E-AB81-2CEB88F543C8}.Debug|Any CPU.Build.0 = Debug|Any CPU
		{0BC22206-C084-480E-AB81-2CEB88F543C8}.Debug|Any CPU.Deploy.0 = Debug|Any CPU
		{0BC22206-C084-480E-AB81-2CEB88F543C8}.Debug|ARM.ActiveCfg = Debug|Any CPU
		{0BC22206-C084-480E-AB81-2CEB88F543C8}.Debug|ARM.Build.0 = Debug|Any CPU
		{0BC22206-C084-480E-AB81-2CEB88F543C8}.Debug|ARM.Deploy.0 = Debug|Any CPU
		{0BC22206-C084-480E-AB81-2CEB88F543C8}.Debug|iPhone.ActiveCfg = Debug|Any CPU
		{0BC22206-C084-480E-AB81-2CEB88F543C8}.Debug|iPhone.Build.0 = Debug|Any CPU
		{0BC22206-C084-480E-AB81-2CEB88F543C8}.Debug|iPhone.Deploy.0 = Debug|Any CPU
		{0BC22206-C084-480E-AB81-2CEB88F543C8}.Debug|iPhoneSimulator.ActiveCfg = Debug|Any CPU
		{0BC22206-C084-480E-AB81-2CEB88F543C8}.Debug|iPhoneSimulator.Build.0 = Debug|Any CPU
		{0BC22206-C084-480E-AB81-2CEB88F543C8}.Debug|iPhoneSimulator.Deploy.0 = Debug|Any CPU
		{0BC22206-C084-480E-AB81-2CEB88F543C8}.Debug|x64.ActiveCfg = Debug|Any CPU
		{0BC22206-C084-480E-AB81-2CEB88F543C8}.Debug|x64.Build.0 = Debug|Any CPU
		{0BC22206-C084-480E-AB81-2CEB88F543C8}.Debug|x64.Deploy.0 = Debug|Any CPU
		{0BC22206-C084-480E-AB81-2CEB88F543C8}.Debug|x86.ActiveCfg = Debug|Any CPU
		{0BC22206-C084-480E-AB81-2CEB88F543C8}.Debug|x86.Build.0 = Debug|Any CPU
		{0BC22206-C084-480E-AB81-2CEB88F543C8}.Debug|x86.Deploy.0 = Debug|Any CPU
		{0BC22206-C084-480E-AB81-2CEB88F543C8}.Release|Any CPU.ActiveCfg = Release|Any CPU
		{0BC22206-C084-480E-AB81-2CEB88F543C8}.Release|Any CPU.Build.0 = Release|Any CPU
		{0BC22206-C084-480E-AB81-2CEB88F543C8}.Release|Any CPU.Deploy.0 = Release|Any CPU
		{0BC22206-C084-480E-AB81-2CEB88F543C8}.Release|ARM.ActiveCfg = Release|Any CPU
		{0BC22206-C084-480E-AB81-2CEB88F543C8}.Release|ARM.Build.0 = Release|Any CPU
		{0BC22206-C084-480E-AB81-2CEB88F543C8}.Release|ARM.Deploy.0 = Release|Any CPU
		{0BC22206-C084-480E-AB81-2CEB88F543C8}.Release|iPhone.ActiveCfg = Release|Any CPU
		{0BC22206-C084-480E-AB81-2CEB88F543C8}.Release|iPhone.Build.0 = Release|Any CPU
		{0BC22206-C084-480E-AB81-2CEB88F543C8}.Release|iPhone.Deploy.0 = Release|Any CPU
		{0BC22206-C084-480E-AB81-2CEB88F543C8}.Release|iPhoneSimulator.ActiveCfg = Release|Any CPU
		{0BC22206-C084-480E-AB81-2CEB88F543C8}.Release|iPhoneSimulator.Build.0 = Release|Any CPU
		{0BC22206-C084-480E-AB81-2CEB88F543C8}.Release|iPhoneSimulator.Deploy.0 = Release|Any CPU
		{0BC22206-C084-480E-AB81-2CEB88F543C8}.Release|x64.ActiveCfg = Release|Any CPU
		{0BC22206-C084-480E-AB81-2CEB88F543C8}.Release|x64.Build.0 = Release|Any CPU
		{0BC22206-C084-480E-AB81-2CEB88F543C8}.Release|x64.Deploy.0 = Release|Any CPU
		{0BC22206-C084-480E-AB81-2CEB88F543C8}.Release|x86.ActiveCfg = Release|Any CPU
		{0BC22206-C084-480E-AB81-2CEB88F543C8}.Release|x86.Build.0 = Release|Any CPU
		{0BC22206-C084-480E-AB81-2CEB88F543C8}.Release|x86.Deploy.0 = Release|Any CPU
	EndGlobalSection
	GlobalSection(SolutionProperties) = preSolution
		HideSolutionNode = FALSE
	EndGlobalSection
	GlobalSection(ExtensibilityGlobals) = postSolution
		SolutionGuid = {C6FA48DA-F02D-4CC8-B6B4-C6EE31EF7BCB}
	EndGlobalSection
EndGlobal
